// !$*UTF8*$!
{
	archiveVersion = 1;
	classes = {
	};
	objectVersion = 77;
	objects = {

/* Begin PBXBuildFile section */
		05BE35F32ECBB078000AB2AF /* .gitignore in Resources */ = {isa = PBXBuildFile; fileRef = 05BE35F22ECBB06D000AB2AF /* .gitignore */; };
		05BE363E2ECBFFD7000AB2AF /* opencv2.framework in Frameworks */ = {isa = PBXBuildFile; fileRef = 05BE363D2ECBFFD7000AB2AF /* opencv2.framework */; };
		05F8339C2ECAFA320053B9D5 /* LaunchLab.xcconfig in Resources */ = {isa = PBXBuildFile; fileRef = 05F8339B2ECAFA320053B9D5 /* LaunchLab.xcconfig */; };
/* End PBXBuildFile section */

/* Begin PBXContainerItemProxy section */
		05F833392ECAF77D0053B9D5 /* PBXContainerItemProxy */ = {
			isa = PBXContainerItemProxy;
			containerPortal = 05F8331F2ECAF77B0053B9D5 /* Project object */;
			proxyType = 1;
			remoteGlobalIDString = 05F833262ECAF77B0053B9D5;
			remoteInfo = LaunchLabGitHub;
		};
		05F833432ECAF77D0053B9D5 /* PBXContainerItemProxy */ = {
			isa = PBXContainerItemProxy;
			containerPortal = 05F8331F2ECAF77B0053B9D5 /* Project object */;
			proxyType = 1;
			remoteGlobalIDString = 05F833262ECAF77B0053B9D5;
			remoteInfo = LaunchLabGitHub;
		};
/* End PBXContainerItemProxy section */

/* Begin PBXFileReference section */
		05BE35F22ECBB06D000AB2AF /* .gitignore */ = {isa = PBXFileReference; lastKnownFileType = text; path = .gitignore; sourceTree = "<group>"; };
		05BE363D2ECBFFD7000AB2AF /* opencv2.framework */ = {isa = PBXFileReference; lastKnownFileType = wrapper.framework; path = opencv2.framework; sourceTree = "<group>"; };
		05BE363F2ECC003B000AB2AF /* LaunchLabGitHub.app */ = {isa = PBXFileReference; explicitFileType = wrapper.application; includeInIndex = 0; name = LaunchLabGitHub.app; path = /Users/corymeza/Developer/LaunchLabGitHub/build/Debug/LaunchLabGitHub.app; sourceTree = "<absolute>"; };
		05BE36402ECC003B000AB2AF /* LaunchLabGitHubTests.xctest */ = {isa = PBXFileReference; explicitFileType = wrapper.cfbundle; includeInIndex = 0; name = LaunchLabGitHubTests.xctest; path = /Users/corymeza/Developer/LaunchLabGitHub/build/Debug/LaunchLabGitHub.app/Contents/PlugIns/LaunchLabGitHubTests.xctest; sourceTree = "<absolute>"; };
		05BE36412ECC003B000AB2AF /* LaunchLabGitHubUITests.xctest */ = {isa = PBXFileReference; explicitFileType = wrapper.cfbundle; includeInIndex = 0; name = LaunchLabGitHubUITests.xctest; path = "/Users/corymeza/Developer/LaunchLabGitHub/build/Debug/LaunchLabGitHubUITests-Runner.app/Contents/PlugIns/LaunchLabGitHubUITests.xctest"; sourceTree = "<absolute>"; };
		05F8339B2ECAFA320053B9D5 /* LaunchLab.xcconfig */ = {isa = PBXFileReference; lastKnownFileType = text.xcconfig; path = LaunchLab.xcconfig; sourceTree = "<group>"; };
		05F8339F2ECB00280053B9D5 /* LaunchLabGithub.entitlements */ = {isa = PBXFileReference; lastKnownFileType = text.plist.entitlements; path = LaunchLabGithub.entitlements; sourceTree = "<group>"; };
/* End PBXFileReference section */

/* Begin PBXFileSystemSynchronizedRootGroup section */
		05F833592ECAF8450053B9D5 /* App */ = {
			isa = PBXFileSystemSynchronizedRootGroup;
			path = App;
			sourceTree = "<group>";
		};
		05F833642ECAF8450053B9D5 /* Engine */ = {
			isa = PBXFileSystemSynchronizedRootGroup;
			path = Engine;
			sourceTree = "<group>";
		};
		05F833692ECAF8450053B9D5 /* Overlays */ = {
			isa = PBXFileSystemSynchronizedRootGroup;
			path = Overlays;
			sourceTree = "<group>";
		};
		05F833722ECAF8450053B9D5 /* Vision */ = {
			isa = PBXFileSystemSynchronizedRootGroup;
			explicitFileTypes = {
				Cpp/EPnP.mm = sourcecode.cpp.objcpp;
				Cpp/OpenCVBridge.mm = sourcecode.cpp.cpp;
			};
			path = Vision;
			sourceTree = "<group>";
		};
		05F833912ECAF8AA0053B9D5 /* Camera */ = {
			isa = PBXFileSystemSynchronizedRootGroup;
			path = Camera;
			sourceTree = "<group>";
		};
/* End PBXFileSystemSynchronizedRootGroup section */

/* Begin PBXFrameworksBuildPhase section */
		05F833242ECAF77B0053B9D5 /* Frameworks */ = {
			isa = PBXFrameworksBuildPhase;
			buildActionMask = 2147483647;
			files = (
				05BE363E2ECBFFD7000AB2AF /* opencv2.framework in Frameworks */,
			);
			runOnlyForDeploymentPostprocessing = 0;
		};
		05F833352ECAF77D0053B9D5 /* Frameworks */ = {
			isa = PBXFrameworksBuildPhase;
			buildActionMask = 2147483647;
			files = (
			);
			runOnlyForDeploymentPostprocessing = 0;
		};
		05F8333F2ECAF77D0053B9D5 /* Frameworks */ = {
			isa = PBXFrameworksBuildPhase;
			buildActionMask = 2147483647;
			files = (
			);
			runOnlyForDeploymentPostprocessing = 0;
		};
/* End PBXFrameworksBuildPhase section */

/* Begin PBXGroup section */
		05F8331E2ECAF77B0053B9D5 = {
			isa = PBXGroup;
			children = (
				05BE35F22ECBB06D000AB2AF /* .gitignore */,
				05F8339F2ECB00280053B9D5 /* LaunchLabGithub.entitlements */,
				05F8339A2ECAF93E0053B9D5 /* Frameworks */,
				05F833592ECAF8450053B9D5 /* App */,
				05F833642ECAF8450053B9D5 /* Engine */,
				05F833692ECAF8450053B9D5 /* Overlays */,
				05F833722ECAF8450053B9D5 /* Vision */,
				05F833912ECAF8AA0053B9D5 /* Camera */,
				05F8339B2ECAFA320053B9D5 /* LaunchLab.xcconfig */,
			);
			sourceTree = "<group>";
		};
		05F8339A2ECAF93E0053B9D5 /* Frameworks */ = {
			isa = PBXGroup;
			children = (
				05BE363D2ECBFFD7000AB2AF /* opencv2.framework */,
			);
			path = Frameworks;
			sourceTree = "<group>";
		};
/* End PBXGroup section */

/* Begin PBXNativeTarget section */
		05F833262ECAF77B0053B9D5 /* LaunchLabGitHub */ = {
			isa = PBXNativeTarget;
			buildConfigurationList = 05F8334C2ECAF77D0053B9D5 /* Build configuration list for PBXNativeTarget "LaunchLabGitHub" */;
			buildPhases = (
				05F833232ECAF77B0053B9D5 /* Sources */,
				05F833242ECAF77B0053B9D5 /* Frameworks */,
				05F833252ECAF77B0053B9D5 /* Resources */,
			);
			buildRules = (
			);
			dependencies = (
			);
			fileSystemSynchronizedGroups = (
				05F833592ECAF8450053B9D5 /* App */,
				05F833642ECAF8450053B9D5 /* Engine */,
				05F833692ECAF8450053B9D5 /* Overlays */,
				05F833722ECAF8450053B9D5 /* Vision */,
				05F833912ECAF8AA0053B9D5 /* Camera */,
			);
			name = LaunchLabGitHub;
			packageProductDependencies = (
			);
			productName = LaunchLabGitHub;
			productReference = 05BE363F2ECC003B000AB2AF /* LaunchLabGitHub.app */;
			productType = "com.apple.product-type.application";
		};
		05F833372ECAF77D0053B9D5 /* LaunchLabGitHubTests */ = {
			isa = PBXNativeTarget;
			buildConfigurationList = 05F8334F2ECAF77D0053B9D5 /* Build configuration list for PBXNativeTarget "LaunchLabGitHubTests" */;
			buildPhases = (
				05F833342ECAF77D0053B9D5 /* Sources */,
				05F833352ECAF77D0053B9D5 /* Frameworks */,
				05F833362ECAF77D0053B9D5 /* Resources */,
			);
			buildRules = (
			);
			dependencies = (
				05F8333A2ECAF77D0053B9D5 /* PBXTargetDependency */,
			);
			name = LaunchLabGitHubTests;
			packageProductDependencies = (
			);
			productName = LaunchLabGitHubTests;
			productReference = 05BE36402ECC003B000AB2AF /* LaunchLabGitHubTests.xctest */;
			productType = "com.apple.product-type.bundle.unit-test";
		};
		05F833412ECAF77D0053B9D5 /* LaunchLabGitHubUITests */ = {
			isa = PBXNativeTarget;
			buildConfigurationList = 05F833522ECAF77D0053B9D5 /* Build configuration list for PBXNativeTarget "LaunchLabGitHubUITests" */;
			buildPhases = (
				05F8333E2ECAF77D0053B9D5 /* Sources */,
				05F8333F2ECAF77D0053B9D5 /* Frameworks */,
				05F833402ECAF77D0053B9D5 /* Resources */,
			);
			buildRules = (
			);
			dependencies = (
				05F833442ECAF77D0053B9D5 /* PBXTargetDependency */,
			);
			name = LaunchLabGitHubUITests;
			packageProductDependencies = (
			);
			productName = LaunchLabGitHubUITests;
			productReference = 05BE36412ECC003B000AB2AF /* LaunchLabGitHubUITests.xctest */;
			productType = "com.apple.product-type.bundle.ui-testing";
		};
/* End PBXNativeTarget section */

/* Begin PBXProject section */
		05F8331F2ECAF77B0053B9D5 /* Project object */ = {
			isa = PBXProject;
			attributes = {
				BuildIndependentTargetsInParallel = 1;
				LastSwiftUpdateCheck = 1620;
				LastUpgradeCheck = 1620;
				TargetAttributes = {
					05F833262ECAF77B0053B9D5 = {
						CreatedOnToolsVersion = 16.2;
					};
					05F833372ECAF77D0053B9D5 = {
						CreatedOnToolsVersion = 16.2;
						TestTargetID = 05F833262ECAF77B0053B9D5;
					};
					05F833412ECAF77D0053B9D5 = {
						CreatedOnToolsVersion = 16.2;
						TestTargetID = 05F833262ECAF77B0053B9D5;
					};
				};
			};
			buildConfigurationList = 05F833222ECAF77B0053B9D5 /* Build configuration list for PBXProject "LaunchLabGitHub" */;
			developmentRegion = en;
			hasScannedForEncodings = 0;
			knownRegions = (
				en,
				Base,
			);
			mainGroup = 05F8331E2ECAF77B0053B9D5;
			minimizedProjectReferenceProxies = 1;
			preferredProjectObjectVersion = 77;
			productRefGroup = 05F8331E2ECAF77B0053B9D5;
			projectDirPath = "";
			projectRoot = "";
			targets = (
				05F833262ECAF77B0053B9D5 /* LaunchLabGitHub */,
				05F833372ECAF77D0053B9D5 /* LaunchLabGitHubTests */,
				05F833412ECAF77D0053B9D5 /* LaunchLabGitHubUITests */,
			);
		};
/* End PBXProject section */

/* Begin PBXResourcesBuildPhase section */
		05F833252ECAF77B0053B9D5 /* Resources */ = {
			isa = PBXResourcesBuildPhase;
			buildActionMask = 2147483647;
			files = (
				05BE35F32ECBB078000AB2AF /* .gitignore in Resources */,
				05F8339C2ECAFA320053B9D5 /* LaunchLab.xcconfig in Resources */,
			);
			runOnlyForDeploymentPostprocessing = 0;
		};
		05F833362ECAF77D0053B9D5 /* Resources */ = {
			isa = PBXResourcesBuildPhase;
			buildActionMask = 2147483647;
			files = (
			);
			runOnlyForDeploymentPostprocessing = 0;
		};
		05F833402ECAF77D0053B9D5 /* Resources */ = {
			isa = PBXResourcesBuildPhase;
			buildActionMask = 2147483647;
			files = (
			);
			runOnlyForDeploymentPostprocessing = 0;
		};
/* End PBXResourcesBuildPhase section */

/* Begin PBXSourcesBuildPhase section */
		05F833232ECAF77B0053B9D5 /* Sources */ = {
			isa = PBXSourcesBuildPhase;
			buildActionMask = 2147483647;
			files = (
			);
			runOnlyForDeploymentPostprocessing = 0;
		};
		05F833342ECAF77D0053B9D5 /* Sources */ = {
			isa = PBXSourcesBuildPhase;
			buildActionMask = 2147483647;
			files = (
			);
			runOnlyForDeploymentPostprocessing = 0;
		};
		05F8333E2ECAF77D0053B9D5 /* Sources */ = {
			isa = PBXSourcesBuildPhase;
			buildActionMask = 2147483647;
			files = (
			);
			runOnlyForDeploymentPostprocessing = 0;
		};
/* End PBXSourcesBuildPhase section */

/* Begin PBXTargetDependency section */
		05F8333A2ECAF77D0053B9D5 /* PBXTargetDependency */ = {
			isa = PBXTargetDependency;
			target = 05F833262ECAF77B0053B9D5 /* LaunchLabGitHub */;
			targetProxy = 05F833392ECAF77D0053B9D5 /* PBXContainerItemProxy */;
		};
		05F833442ECAF77D0053B9D5 /* PBXTargetDependency */ = {
			isa = PBXTargetDependency;
			target = 05F833262ECAF77B0053B9D5 /* LaunchLabGitHub */;
			targetProxy = 05F833432ECAF77D0053B9D5 /* PBXContainerItemProxy */;
		};
/* End PBXTargetDependency section */

/* Begin XCBuildConfiguration section */
		05F8334A2ECAF77D0053B9D5 /* Debug */ = {
			isa = XCBuildConfiguration;
			baseConfigurationReference = 05F8339B2ECAFA320053B9D5 /* LaunchLab.xcconfig */;
			buildSettings = {
				ALWAYS_SEARCH_USER_PATHS = NO;
				ASSETCATALOG_COMPILER_GENERATE_SWIFT_ASSET_SYMBOL_EXTENSIONS = YES;
				CLANG_ANALYZER_NONNULL = YES;
				CLANG_ANALYZER_NUMBER_OBJECT_CONVERSION = YES_AGGRESSIVE;
				CLANG_CXX_LANGUAGE_STANDARD = "gnu++20";
				CLANG_ENABLE_MODULES = YES;
				CLANG_ENABLE_OBJC_ARC = YES;
				CLANG_ENABLE_OBJC_WEAK = YES;
				CLANG_WARN_BLOCK_CAPTURE_AUTORELEASING = YES;
				CLANG_WARN_BOOL_CONVERSION = YES;
				CLANG_WARN_COMMA = YES;
				CLANG_WARN_CONSTANT_CONVERSION = YES;
				CLANG_WARN_DEPRECATED_OBJC_IMPLEMENTATIONS = YES;
				CLANG_WARN_DIRECT_OBJC_ISA_USAGE = YES_ERROR;
				CLANG_WARN_DOCUMENTATION_COMMENTS = YES;
				CLANG_WARN_EMPTY_BODY = YES;
				CLANG_WARN_ENUM_CONVERSION = YES;
				CLANG_WARN_INFINITE_RECURSION = YES;
				CLANG_WARN_INT_CONVERSION = YES;
				CLANG_WARN_NON_LITERAL_NULL_CONVERSION = YES;
				CLANG_WARN_OBJC_IMPLICIT_RETAIN_SELF = YES;
				CLANG_WARN_OBJC_LITERAL_CONVERSION = YES;
				CLANG_WARN_OBJC_ROOT_CLASS = YES_ERROR;
				CLANG_WARN_QUOTED_INCLUDE_IN_FRAMEWORK_HEADER = YES;
				CLANG_WARN_RANGE_LOOP_ANALYSIS = YES;
				CLANG_WARN_STRICT_PROTOTYPES = YES;
				CLANG_WARN_SUSPICIOUS_MOVE = YES;
				CLANG_WARN_UNGUARDED_AVAILABILITY = YES_AGGRESSIVE;
				CLANG_WARN_UNREACHABLE_CODE = YES;
				CLANG_WARN__DUPLICATE_METHOD_MATCH = YES;
				CODE_SIGN_ENTITLEMENTS = LaunchLabGitHub.entitlements;
				COPY_PHASE_STRIP = NO;
				DEBUG_INFORMATION_FORMAT = dwarf;
				ENABLE_STRICT_OBJC_MSGSEND = YES;
				ENABLE_TESTABILITY = YES;
				ENABLE_USER_SCRIPT_SANDBOXING = YES;
				FRAMEWORK_SEARCH_PATHS = "$(PROJECT_DIR)/Frameworks";
				GCC_C_LANGUAGE_STANDARD = gnu17;
				GCC_DYNAMIC_NO_PIC = NO;
				GCC_NO_COMMON_BLOCKS = YES;
				GCC_OPTIMIZATION_LEVEL = 0;
				GCC_PREPROCESSOR_DEFINITIONS = (
					"DEBUG=1",
					"$(inherited)",
				);
				GCC_WARN_64_TO_32_BIT_CONVERSION = YES;
				GCC_WARN_ABOUT_RETURN_TYPE = YES_ERROR;
				GCC_WARN_UNDECLARED_SELECTOR = YES;
				GCC_WARN_UNINITIALIZED_AUTOS = YES_AGGRESSIVE;
				GCC_WARN_UNUSED_FUNCTION = YES;
				GCC_WARN_UNUSED_VARIABLE = YES;
				HEADER_SEARCH_PATHS = "$(PROJECT_DIR)/Frameworks/opencv2.framework/Headers/";
				LOCALIZATION_PREFERS_STRING_CATALOGS = YES;
				MTL_ENABLE_DEBUG_INFO = INCLUDE_SOURCE;
				MTL_FAST_MATH = YES;
				ONLY_ACTIVE_ARCH = YES;
				SWIFT_ACTIVE_COMPILATION_CONDITIONS = "DEBUG $(inherited)";
				SWIFT_OBJC_BRIDGING_HEADER = "LaunchLabGitHub/Vision/Cpp/LaunchLabGitHub-Bridging-Header.h";
				SWIFT_OPTIMIZATION_LEVEL = "-Onone";
			};
			name = Debug;
		};
		05F8334B2ECAF77D0053B9D5 /* Release */ = {
			isa = XCBuildConfiguration;
			baseConfigurationReference = 05F8339B2ECAFA320053B9D5 /* LaunchLab.xcconfig */;
			buildSettings = {
				ALWAYS_SEARCH_USER_PATHS = NO;
				ASSETCATALOG_COMPILER_GENERATE_SWIFT_ASSET_SYMBOL_EXTENSIONS = YES;
				CLANG_ANALYZER_NONNULL = YES;
				CLANG_ANALYZER_NUMBER_OBJECT_CONVERSION = YES_AGGRESSIVE;
				CLANG_CXX_LANGUAGE_STANDARD = "gnu++20";
				CLANG_ENABLE_MODULES = YES;
				CLANG_ENABLE_OBJC_ARC = YES;
				CLANG_ENABLE_OBJC_WEAK = YES;
				CLANG_WARN_BLOCK_CAPTURE_AUTORELEASING = YES;
				CLANG_WARN_BOOL_CONVERSION = YES;
				CLANG_WARN_COMMA = YES;
				CLANG_WARN_CONSTANT_CONVERSION = YES;
				CLANG_WARN_DEPRECATED_OBJC_IMPLEMENTATIONS = YES;
				CLANG_WARN_DIRECT_OBJC_ISA_USAGE = YES_ERROR;
				CLANG_WARN_DOCUMENTATION_COMMENTS = YES;
				CLANG_WARN_EMPTY_BODY = YES;
				CLANG_WARN_ENUM_CONVERSION = YES;
				CLANG_WARN_INFINITE_RECURSION = YES;
				CLANG_WARN_INT_CONVERSION = YES;
				CLANG_WARN_NON_LITERAL_NULL_CONVERSION = YES;
				CLANG_WARN_OBJC_IMPLICIT_RETAIN_SELF = YES;
				CLANG_WARN_OBJC_LITERAL_CONVERSION = YES;
				CLANG_WARN_OBJC_ROOT_CLASS = YES_ERROR;
				CLANG_WARN_QUOTED_INCLUDE_IN_FRAMEWORK_HEADER = YES;
				CLANG_WARN_RANGE_LOOP_ANALYSIS = YES;
				CLANG_WARN_STRICT_PROTOTYPES = YES;
				CLANG_WARN_SUSPICIOUS_MOVE = YES;
				CLANG_WARN_UNGUARDED_AVAILABILITY = YES_AGGRESSIVE;
				CLANG_WARN_UNREACHABLE_CODE = YES;
				CLANG_WARN__DUPLICATE_METHOD_MATCH = YES;
				CODE_SIGN_ENTITLEMENTS = LaunchLabGitHub.entitlements;
				COPY_PHASE_STRIP = NO;
				DEBUG_INFORMATION_FORMAT = "dwarf-with-dsym";
				ENABLE_NS_ASSERTIONS = NO;
				ENABLE_STRICT_OBJC_MSGSEND = YES;
				ENABLE_USER_SCRIPT_SANDBOXING = YES;
				FRAMEWORK_SEARCH_PATHS = "$(PROJECT_DIR)/Frameworks";
				GCC_C_LANGUAGE_STANDARD = gnu17;
				GCC_NO_COMMON_BLOCKS = YES;
				GCC_WARN_64_TO_32_BIT_CONVERSION = YES;
				GCC_WARN_ABOUT_RETURN_TYPE = YES_ERROR;
				GCC_WARN_UNDECLARED_SELECTOR = YES;
				GCC_WARN_UNINITIALIZED_AUTOS = YES_AGGRESSIVE;
				GCC_WARN_UNUSED_FUNCTION = YES;
				GCC_WARN_UNUSED_VARIABLE = YES;
				HEADER_SEARCH_PATHS = "$(PROJECT_DIR)/Frameworks/opencv2.framework/Headers/";
				LOCALIZATION_PREFERS_STRING_CATALOGS = YES;
				MTL_ENABLE_DEBUG_INFO = NO;
				MTL_FAST_MATH = YES;
				SWIFT_COMPILATION_MODE = wholemodule;
				SWIFT_OBJC_BRIDGING_HEADER = "LaunchLabGitHub/Vision/Cpp/LaunchLabGitHub-Bridging-Header.h";
			};
			name = Release;
		};
		05F8334D2ECAF77D0053B9D5 /* Debug */ = {
			isa = XCBuildConfiguration;
			buildSettings = {
				ASSETCATALOG_COMPILER_APPICON_NAME = AppIcon;
				ASSETCATALOG_COMPILER_GLOBAL_ACCENT_COLOR_NAME = AccentColor;
				CLANG_CXX_LANGUAGE_STANDARD = "c++17";
				CLANG_CXX_STANDARD_LIBRARY_HARDENING = "libc++";
				CLANG_ENABLE_MODULE_DEBUGGING = NO;
				CODE_SIGN_ENTITLEMENTS = LaunchLabGitHub.entitlements;
				CODE_SIGN_STYLE = Automatic;
				CURRENT_PROJECT_VERSION = 1;
				DEVELOPMENT_TEAM = NKNPC9JY55;
				ENABLE_HARDENED_RUNTIME = YES;
				ENABLE_PREVIEWS = YES;
				FRAMEWORK_SEARCH_PATHS = (
					"$(PROJECT_DIR)/Vision/Cpp",
					"$(PROJECT_DIR)/Frameworks",
				);
				GCC_C_LANGUAGE_STANDARD = "C++17";
				GENERATE_INFOPLIST_FILE = YES;
				HEADER_SEARCH_PATHS = (
					"$(PROJECT_DIR)/Vision/Cpp/opencv2.framework/Headers/**",
					"$(PROJECT_DIR)/Vision/Cpp/**",
				);
				"INFOPLIST_KEY_UIApplicationSceneManifest_Generation[sdk=iphoneos*]" = YES;
				"INFOPLIST_KEY_UIApplicationSceneManifest_Generation[sdk=iphonesimulator*]" = YES;
				"INFOPLIST_KEY_UIApplicationSupportsIndirectInputEvents[sdk=iphoneos*]" = YES;
				"INFOPLIST_KEY_UIApplicationSupportsIndirectInputEvents[sdk=iphonesimulator*]" = YES;
				"INFOPLIST_KEY_UILaunchScreen_Generation[sdk=iphoneos*]" = YES;
				"INFOPLIST_KEY_UILaunchScreen_Generation[sdk=iphonesimulator*]" = YES;
				"INFOPLIST_KEY_UIStatusBarStyle[sdk=iphoneos*]" = UIStatusBarStyleDefault;
				"INFOPLIST_KEY_UIStatusBarStyle[sdk=iphonesimulator*]" = UIStatusBarStyleDefault;
				INFOPLIST_KEY_UISupportedInterfaceOrientations_iPad = "UIInterfaceOrientationPortrait UIInterfaceOrientationPortraitUpsideDown UIInterfaceOrientationLandscapeLeft UIInterfaceOrientationLandscapeRight";
				INFOPLIST_KEY_UISupportedInterfaceOrientations_iPhone = "UIInterfaceOrientationPortrait UIInterfaceOrientationLandscapeLeft UIInterfaceOrientationLandscapeRight";
				IPHONEOS_DEPLOYMENT_TARGET = 18.2;
				LD_RUNPATH_SEARCH_PATHS = "@executable_path/Frameworks";
				"LD_RUNPATH_SEARCH_PATHS[sdk=macosx*]" = "@executable_path/../Frameworks";
				MACOSX_DEPLOYMENT_TARGET = 15.2;
				MARKETING_VERSION = 1.0;
				OTHER_CPLUSPLUSFLAGS = (
					"-std=c++17",
					"-stdlib=libc++",
				);
				PRODUCT_BUNDLE_IDENTIFIER = App.LaunchLabGitHub;
				PRODUCT_NAME = "$(TARGET_NAME)";
				SDKROOT = auto;
				SUPPORTED_PLATFORMS = "iphoneos iphonesimulator macosx xros xrsimulator";
				SWIFT_EMIT_LOC_STRINGS = YES;
				SWIFT_OBJC_BRIDGING_HEADER = "$(PROJECT_DIR)/Vision/Cpp/LaunchLabGitHub-Bridging-Header.h";
				SWIFT_VERSION = 5.0;
				TARGETED_DEVICE_FAMILY = "1,2,7";
				XROS_DEPLOYMENT_TARGET = 2.2;
			};
			name = Debug;
		};
		05F8334E2ECAF77D0053B9D5 /* Release */ = {
			isa = XCBuildConfiguration;
			buildSettings = {
				ASSETCATALOG_COMPILER_APPICON_NAME = AppIcon;
				ASSETCATALOG_COMPILER_GLOBAL_ACCENT_COLOR_NAME = AccentColor;
				CLANG_CXX_LANGUAGE_STANDARD = "c++17";
				CLANG_CXX_STANDARD_LIBRARY_HARDENING = "libc++";
				CLANG_ENABLE_MODULE_DEBUGGING = NO;
				CODE_SIGN_ENTITLEMENTS = LaunchLabGitHub.entitlements;
				CODE_SIGN_STYLE = Automatic;
				CURRENT_PROJECT_VERSION = 1;
				DEVELOPMENT_TEAM = NKNPC9JY55;
				ENABLE_HARDENED_RUNTIME = YES;
				ENABLE_PREVIEWS = YES;
				FRAMEWORK_SEARCH_PATHS = (
					"$(PROJECT_DIR)/Vision/Cpp",
					"$(PROJECT_DIR)/Frameworks",
				);
				GCC_C_LANGUAGE_STANDARD = "C++17";
				GENERATE_INFOPLIST_FILE = YES;
				HEADER_SEARCH_PATHS = (
					"$(PROJECT_DIR)/Vision/Cpp/opencv2.framework/Headers/**",
					"$(PROJECT_DIR)/Vision/Cpp/**",
				);
				"INFOPLIST_KEY_UIApplicationSceneManifest_Generation[sdk=iphoneos*]" = YES;
				"INFOPLIST_KEY_UIApplicationSceneManifest_Generation[sdk=iphonesimulator*]" = YES;
				"INFOPLIST_KEY_UIApplicationSupportsIndirectInputEvents[sdk=iphoneos*]" = YES;
				"INFOPLIST_KEY_UIApplicationSupportsIndirectInputEvents[sdk=iphonesimulator*]" = YES;
				"INFOPLIST_KEY_UILaunchScreen_Generation[sdk=iphoneos*]" = YES;
				"INFOPLIST_KEY_UILaunchScreen_Generation[sdk=iphonesimulator*]" = YES;
				"INFOPLIST_KEY_UIStatusBarStyle[sdk=iphoneos*]" = UIStatusBarStyleDefault;
				"INFOPLIST_KEY_UIStatusBarStyle[sdk=iphonesimulator*]" = UIStatusBarStyleDefault;
				INFOPLIST_KEY_UISupportedInterfaceOrientations_iPad = "UIInterfaceOrientationPortrait UIInterfaceOrientationPortraitUpsideDown UIInterfaceOrientationLandscapeLeft UIInterfaceOrientationLandscapeRight";
				INFOPLIST_KEY_UISupportedInterfaceOrientations_iPhone = "UIInterfaceOrientationPortrait UIInterfaceOrientationLandscapeLeft UIInterfaceOrientationLandscapeRight";
				IPHONEOS_DEPLOYMENT_TARGET = 18.2;
				LD_RUNPATH_SEARCH_PATHS = "@executable_path/Frameworks";
				"LD_RUNPATH_SEARCH_PATHS[sdk=macosx*]" = "@executable_path/../Frameworks";
				MACOSX_DEPLOYMENT_TARGET = 15.2;
				MARKETING_VERSION = 1.0;
				OTHER_CPLUSPLUSFLAGS = (
					"-std=c++17",
					"-stdlib=libc++",
				);
				PRODUCT_BUNDLE_IDENTIFIER = App.LaunchLabGitHub;
				PRODUCT_NAME = "$(TARGET_NAME)";
				SDKROOT = auto;
				SUPPORTED_PLATFORMS = "iphoneos iphonesimulator macosx xros xrsimulator";
				SWIFT_EMIT_LOC_STRINGS = YES;
				SWIFT_OBJC_BRIDGING_HEADER = "$(PROJECT_DIR)/Vision/Cpp/LaunchLabGitHub-Bridging-Header.h";
				SWIFT_VERSION = 5.0;
				TARGETED_DEVICE_FAMILY = "1,2,7";
				XROS_DEPLOYMENT_TARGET = 2.2;
			};
			name = Release;
		};
		05F833502ECAF77D0053B9D5 /* Debug */ = {
			isa = XCBuildConfiguration;
			buildSettings = {
				BUNDLE_LOADER = "$(TEST_HOST)";
				CODE_SIGN_STYLE = Automatic;
				CURRENT_PROJECT_VERSION = 1;
				DEVELOPMENT_TEAM = NKNPC9JY55;
				GENERATE_INFOPLIST_FILE = YES;
				IPHONEOS_DEPLOYMENT_TARGET = 18.2;
				MACOSX_DEPLOYMENT_TARGET = 15.2;
				MARKETING_VERSION = 1.0;
				PRODUCT_BUNDLE_IDENTIFIER = App.LaunchLabGitHubTests;
				PRODUCT_NAME = "$(TARGET_NAME)";
				SDKROOT = auto;
				SUPPORTED_PLATFORMS = "iphoneos iphonesimulator macosx xros xrsimulator";
				SWIFT_EMIT_LOC_STRINGS = NO;
				SWIFT_VERSION = 5.0;
				TARGETED_DEVICE_FAMILY = "1,2,7";
				TEST_HOST = "$(BUILT_PRODUCTS_DIR)/LaunchLabGitHub.app/$(BUNDLE_EXECUTABLE_FOLDER_PATH)/LaunchLabGitHub";
				XROS_DEPLOYMENT_TARGET = 2.2;
			};
			name = Debug;
		};
		05F833512ECAF77D0053B9D5 /* Release */ = {
			isa = XCBuildConfiguration;
			buildSettings = {
				BUNDLE_LOADER = "$(TEST_HOST)";
				CODE_SIGN_STYLE = Automatic;
				CURRENT_PROJECT_VERSION = 1;
				DEVELOPMENT_TEAM = NKNPC9JY55;
				GENERATE_INFOPLIST_FILE = YES;
				IPHONEOS_DEPLOYMENT_TARGET = 18.2;
				MACOSX_DEPLOYMENT_TARGET = 15.2;
				MARKETING_VERSION = 1.0;
				PRODUCT_BUNDLE_IDENTIFIER = App.LaunchLabGitHubTests;
				PRODUCT_NAME = "$(TARGET_NAME)";
				SDKROOT = auto;
				SUPPORTED_PLATFORMS = "iphoneos iphonesimulator macosx xros xrsimulator";
				SWIFT_EMIT_LOC_STRINGS = NO;
				SWIFT_VERSION = 5.0;
				TARGETED_DEVICE_FAMILY = "1,2,7";
				TEST_HOST = "$(BUILT_PRODUCTS_DIR)/LaunchLabGitHub.app/$(BUNDLE_EXECUTABLE_FOLDER_PATH)/LaunchLabGitHub";
				XROS_DEPLOYMENT_TARGET = 2.2;
			};
			name = Release;
		};
		05F833532ECAF77D0053B9D5 /* Debug */ = {
			isa = XCBuildConfiguration;
			buildSettings = {
				CODE_SIGN_STYLE = Automatic;
				CURRENT_PROJECT_VERSION = 1;
				DEVELOPMENT_TEAM = NKNPC9JY55;
				GENERATE_INFOPLIST_FILE = YES;
				IPHONEOS_DEPLOYMENT_TARGET = 18.2;
				MACOSX_DEPLOYMENT_TARGET = 15.2;
				MARKETING_VERSION = 1.0;
				PRODUCT_BUNDLE_IDENTIFIER = App.LaunchLabGitHubUITests;
				PRODUCT_NAME = "$(TARGET_NAME)";
				SDKROOT = auto;
				SUPPORTED_PLATFORMS = "iphoneos iphonesimulator macosx xros xrsimulator";
				SWIFT_EMIT_LOC_STRINGS = NO;
				SWIFT_VERSION = 5.0;
				TARGETED_DEVICE_FAMILY = "1,2,7";
				TEST_TARGET_NAME = LaunchLabGitHub;
				XROS_DEPLOYMENT_TARGET = 2.2;
			};
			name = Debug;
		};
		05F833542ECAF77D0053B9D5 /* Release */ = {
			isa = XCBuildConfiguration;
			buildSettings = {
				CODE_SIGN_STYLE = Automatic;
				CURRENT_PROJECT_VERSION = 1;
				DEVELOPMENT_TEAM = NKNPC9JY55;
				GENERATE_INFOPLIST_FILE = YES;
				IPHONEOS_DEPLOYMENT_TARGET = 18.2;
				MACOSX_DEPLOYMENT_TARGET = 15.2;
				MARKETING_VERSION = 1.0;
				PRODUCT_BUNDLE_IDENTIFIER = App.LaunchLabGitHubUITests;
				PRODUCT_NAME = "$(TARGET_NAME)";
				SDKROOT = auto;
				SUPPORTED_PLATFORMS = "iphoneos iphonesimulator macosx xros xrsimulator";
				SWIFT_EMIT_LOC_STRINGS = NO;
				SWIFT_VERSION = 5.0;
				TARGETED_DEVICE_FAMILY = "1,2,7";
				TEST_TARGET_NAME = LaunchLabGitHub;
				XROS_DEPLOYMENT_TARGET = 2.2;
			};
			name = Release;
		};
/* End XCBuildConfiguration section */

/* Begin XCConfigurationList section */
		05F833222ECAF77B0053B9D5 /* Build configuration list for PBXProject "LaunchLabGitHub" */ = {
			isa = XCConfigurationList;
			buildConfigurations = (
				05F8334A2ECAF77D0053B9D5 /* Debug */,
				05F8334B2ECAF77D0053B9D5 /* Release */,
			);
			defaultConfigurationIsVisible = 0;
			defaultConfigurationName = Release;
		};
		05F8334C2ECAF77D0053B9D5 /* Build configuration list for PBXNativeTarget "LaunchLabGitHub" */ = {
			isa = XCConfigurationList;
			buildConfigurations = (
				05F8334D2ECAF77D0053B9D5 /* Debug */,
				05F8334E2ECAF77D0053B9D5 /* Release */,
			);
			defaultConfigurationIsVisible = 0;
			defaultConfigurationName = Release;
		};
		05F8334F2ECAF77D0053B9D5 /* Build configuration list for PBXNativeTarget "LaunchLabGitHubTests" */ = {
			isa = XCConfigurationList;
			buildConfigurations = (
				05F833502ECAF77D0053B9D5 /* Debug */,
				05F833512ECAF77D0053B9D5 /* Release */,
			);
			defaultConfigurationIsVisible = 0;
			defaultConfigurationName = Release;
		};
		05F833522ECAF77D0053B9D5 /* Build configuration list for PBXNativeTarget "LaunchLabGitHubUITests" */ = {
			isa = XCConfigurationList;
			buildConfigurations = (
				05F833532ECAF77D0053B9D5 /* Debug */,
				05F833542ECAF77D0053B9D5 /* Release */,
			);
			defaultConfigurationIsVisible = 0;
			defaultConfigurationName = Release;
		};
/* End XCConfigurationList section */
	};
	rootObject = 05F8331F2ECAF77B0053B9D5 /* Project object */;
}
